lockfileVersion: '6.0'

settings:
  autoInstallPeers: true
  excludeLinksFromLockfile: false

importers:

  .:
    devDependencies:
      '@typescript-eslint/eslint-plugin':
        specifier: ^8.37.0
        version: 8.37.0(@typescript-eslint/parser@8.37.0)(eslint@9.15.0)(typescript@5.7.2)
      '@typescript-eslint/parser':
        specifier: ^8.37.0
        version: 8.37.0(eslint@9.15.0)(typescript@5.7.2)
      concurrently:
        specifier: ^8.2.2
        version: 8.2.2
      eslint:
        specifier: ^9.15.0
        version: 9.15.0
      eslint-config-next:
        specifier: latest
        version: 15.1.3(eslint@9.15.0)(typescript@5.7.2)
      typescript:
        specifier: ^5.7.2
        version: 5.7.2

  apps/api:
    dependencies:
      '@dc-beauty/config':
        specifier: workspace:*
        version: link:../../packages/config
      '@dc-beauty/db':
        specifier: workspace:*
        version: link:../../packages/db
      '@dc-beauty/utils':
        specifier: workspace:*
        version: link:../../packages/utils
      cors:
        specifier: ^2.8.5
        version: 2.8.5
      express:
        specifier: ^4.21.2
        version: 4.21.2

  apps/web-booking:
    dependencies:
      '@dc-beauty/ui':
        specifier: workspace:*
        version: link:../../packages/ui
      '@dc-beauty/utils':
        specifier: workspace:*
        version: link:../../packages/utils
      clsx:
        specifier: ^2.1.1
        version: 2.1.1
      next:
        specifier: ^14.2.5
        version: 14.2.5(react-dom@18.3.1)(react@18.3.1)
      next-intl:
        specifier: ^3.15.3
        version: 3.15.3(next@14.2.5)(react@18.3.1)
      react:
        specifier: ^18.3.1
        version: 18.3.1
      react-dom:
        specifier: ^18.3.1
        version: 18.3.1(react@18.3.1)
    devDependencies:
      '@types/node':
        specifier: ^22.10.2
        version: 22.10.2
      '@types/react':
        specifier: ^18.3.18
        version: 18.3.18
      '@types/react-dom':
        specifier: ^18.3.5
        version: 18.3.5
      autoprefixer:
        specifier: ^10.4.19
        version: 10.4.19(postcss@8.4.39)
      eslint:
        specifier: ^9.15.0
        version: 9.15.0
      eslint-config-next:
        specifier: ^15.1.3
        version: 15.1.3(eslint@9.15.0)(typescript@5.7.2)
      postcss:
        specifier: ^8.4.39
        version: 8.4.39
      tailwindcss:
        specifier: ^3.4.4
        version: 3.4.4
      typescript:
        specifier: ^5.7.2
        version: 5.7.2

  apps/web-crm:
    dependencies:
      '@dc-beauty/ui':
        specifier: workspace:*
        version: link:../../packages/ui
      '@dc-beauty/utils':
        specifier: workspace:*
        version: link:../../packages/utils
      react:
        specifier: ^18.3.1
        version: 18.3.1
      react-dom:
        specifier: ^18.3.1
        version: 18.3.1(react@18.3.1)

  packages/config:
    devDependencies:
      typescript:
        specifier: ^5.7.2
        version: 5.7.2

  packages/db:
    dependencies:
      '@prisma/client':
        specifier: ^6.0.1
        version: 6.0.1(prisma@6.0.1)
    devDependencies:
      prisma:
        specifier: ^6.0.1
        version: 6.0.1
      typescript:
        specifier: ^5.7.2
        version: 5.7.2

  packages/ui:
    dependencies:
      react:
        specifier: ^18.3.1
        version: 18.3.1
    peerDependencies:
      react:
        specifier: ^18.3.1
        version: 18.3.1
    devDependencies:
      '@types/react':
        specifier: ^18.3.18
        version: 18.3.18
      typescript:
        specifier: ^5.7.2
        version: 5.7.2

  packages/utils:
    devDependencies:
      typescript:
        specifier: ^5.7.2
        version: 5.7.2

packages:

  '@types/node@22.10.2':
    resolution: {integrity: sha512-9A5Nde9RIUI19eWxJq7H7Daw4GKhxEjx/4nwD9nCOuS7VCLT1J4m8v8fBhWWFCZC9wYHMRgr1VjKJp/Zt8Vq6Q==}

  '@types/react@18.3.18':
    resolution: {integrity: sha512-hr/RJoJfEpDKDNv5gEJwwveH3OT4owv1EqR6UD1CDEwmSdv9CcWzLGAJ8UxUpgQ8OA5K6j5Jp5Wv7OwOy4TdFw==}

  '@types/react-dom@18.3.5':
    resolution: {integrity: sha512-P4pJ1D8NX3+jfNgWTJ8CKJZfMhV+8yRkZ7H8S4JXVQB6Gl7A8Fq4DU3XkfxArRdHFbVJDrXqm3Xr5NUDEqGzMWg==}

  '@typescript-eslint/eslint-plugin@8.37.0':
    resolution: {integrity: sha512-K6ARNGFiCfON3+XqDGBaGtIpLXPZGKJrLnLgYgm4gFXGv3YE9PTAqYt4oAjNOZ8VWbYjPq6m4P3E4KK3hRg6M1Q==}

  '@typescript-eslint/parser@8.37.0':
    resolution: {integrity: sha512-yBUyJPfLHBLrUlVKz0n8JUvuKLODU86V4J+w0l9bklLhKPnvr3MfUfJiDHZm7D2N6Vw4r3q6B9OmEf8EWsAPgE==}

  autoprefixer@10.4.19:
    resolution: {integrity: sha512-BaENR2+zBZ8xXhM4pUaKUxlVdxZ0EZhjvbopwnXmxRUfqDmwSpC2lAi/QXvx7NRdPCo1WKEcEF6mV64si1z4Ew==}

  clsx@2.1.1:
    resolution: {integrity: sha512-eYm0QWBtUrBWZWG0d386OGAw16Z995PiOVo2B7bjWSbHedGl5e0ZWaq65kOGgUSNesEIDkB9ISbTg/JK9dhCZA==}

  concurrently@8.2.2:
    resolution: {integrity: sha512-1dP4gpXFhei8IOtlXRE/T/4H88ElHgTiUzh71YUmtjTEHMSRS2Z/fgOxHSxxusGHogsRfxNq1vyAwxSC+EVyDg==}

  cors@2.8.5:
    resolution: {integrity: sha512-KIHbLJqu73RGr/hnbrO9uBeixNGuvSQjul/jdFvS/KFSIH1hWVd1ng7zOHx+YrEfInLG7q4n6GHQ9cDtxv/P6g==}

  eslint@9.15.0:
    resolution: {integrity: sha512-7CrWySmIibCgT1Os28lUU6upBshZ+GxybLOrmRzi08kS8MBuO8QA7pXEgYgY5W8vK3e74xv0lpjo9DbaGU9Rkw==}

  eslint-config-next@15.1.3:
    resolution: {integrity: sha512-3w5Tb3ZPvNr1w4uqLLZqhcfNjvHf3vp/9T5YEBGIz8f3S52EUYWfv7OY5V3T8p2v7VhBa8bLuWmcZQ8vZ88LfA==}

  express@4.21.2:
    resolution: {integrity: sha512-28HqgMZAmih1Czt9ny7qr6ek2qddF4FclbMzwhCREB6OFfH+rXAnuNCwo1/wFvrtbgsQDb4kSbX9de9lFbrXnA==}

  next@14.2.5:
    resolution: {integrity: sha512-0f8aRfBVL+mpzfBjvfaP/90UVda6x8Lxlhv8KI9iIPHzqECS0KwNUnjnbebGvEXMhhJJ6kBGGBW+6Xj6KtM6Qg==}

  next-intl@3.15.3:
    resolution: {integrity: sha512-jjEkQ3lPlJnBH1cNFu4Jgf9kTVKlpWP2doP6N4F1HKI8n+90jQOZ4b8LJnUH0AqIXZJ6zNu4NqP9vVxJ1+qeQw==}

  postcss@8.4.39:
    resolution: {integrity: sha512-0vzE+lAiG7hZl1/9I8yzKLx3aR9Xbof3fBHKunvMfOCYAtMhrsnccJY2iTURb9EZd5+pLuiNV9/c/GZJOHsgIw==}

  react@18.3.1:
    resolution: {integrity: sha512-wS+hAgJShR0KhEvPJArfuPVN1+Hz1t0Y6n5jLrGQbkb4urgPE/0Rve+1kMB1v/oWgHgm4WIcV+i7F2pTVj+2iQ==}

  react-dom@18.3.1:
    resolution: {integrity: sha512-5m4nQKp+rZRb09LNH59GM4BxTh9251/ylbKIbpe7TpGxfJ+9kv6BLkLBXIjjspbgbnIBNqlI23tRnTWT0snUIw==}

  tailwindcss@3.4.4:
    resolution: {integrity: sha512-ZoyXOdJjISB7/BcLTR6SEsLgKtDStYyYZVLsUtWChO4Ps20CBad7lfJKVDiejocV4ME1hLmyY0WJE3hSDcmQ2A==}

  typescript@5.7.2:
    resolution: {integrity: sha512-i5t66RHxDvVN40HfDd1PsEThGNnlMCMT3jMUuoh9/0TaqWevNontacunWyN02LA9/fIbEWlcHZcgTKb9QoaLfg==}

  '@prisma/client@6.0.1':
    resolution: {integrity: sha512-BVn0hxX/Jzjdyg+pz0GZYInD9Ov1PW7VCLy9wXa6VRFK5nPQBJ7wF5TqnGYBLQy1xWcDrObJGj/BUeLU8xqaKhg==}

  prisma@6.0.1:
    resolution: {integrity: sha512-OQVCYCKlPqcmfLfTUl9FVPGWn9vWjYYTiAZ8LxXsKST6sZa2FN2mRa8gvykdh1LwdNZBl+sUXyMnNrSnCOgSrWyw==}
